
Microsoft Visual Studio Solution File, Format Version 12.00
# Visual Studio 15
VisualStudioVersion = 15.0.26730.12
MinimumVisualStudioVersion = 10.0.40219.1
Project("{9A19103F-16F7-4668-BE54-9A1E7A4F7556}") = "CtsContestBoard", ".\CtsContestBoard\CtsContestBoard.csproj", "{0E13DA94-8C28-402D-A209-C8166D3FA8A4}"
EndProject
Project("{9A19103F-16F7-4668-BE54-9A1E7A4F7556}") = "CtsContestBoard.Dto", ".\CtsContestBoard.Dto\CtsContestBoard.Dto.csproj", "{251ABB97-E707-4B05-841C-EB3B72341F81}"
EndProject
Project("{FAE04EC0-301F-11D3-BF4B-00C04F79EFBC}") = "CtsContestBoard.Db", ".\CtsContestBoard.Db\CtsContestBoard.Db.csproj", "{D9B8EB21-AADF-4C33-A503-195B434F3E7E}"
EndProject
Global
	GlobalSection(SolutionConfigurationPlatforms) = preSolution
		Debug|Any CPU = Debug|Any CPU
		Release|Any CPU = Release|Any CPU
	EndGlobalSection
	GlobalSection(ProjectConfigurationPlatforms) = postSolution
		{0E13DA94-8C28-402D-A209-C8166D3FA8A4}.Debug|Any CPU.ActiveCfg = Debug|Any CPU
		{0E13DA94-8C28-402D-A209-C8166D3FA8A4}.Debug|Any CPU.Build.0 = Debug|Any CPU
		{0E13DA94-8C28-402D-A209-C8166D3FA8A4}.Release|Any CPU.ActiveCfg = Release|Any CPU
		{0E13DA94-8C28-402D-A209-C8166D3FA8A4}.Release|Any CPU.Build.0 = Release|Any CPU
		{251ABB97-E707-4B05-841C-EB3B72341F81}.Debug|Any CPU.ActiveCfg = Debug|Any CPU
		{251ABB97-E707-4B05-841C-EB3B72341F81}.Debug|Any CPU.Build.0 = Debug|Any CPU
		{251ABB97-E707-4B05-841C-EB3B72341F81}.Release|Any CPU.ActiveCfg = Release|Any CPU
		{251ABB97-E707-4B05-841C-EB3B72341F81}.Release|Any CPU.Build.0 = Release|Any CPU
		{D9B8EB21-AADF-4C33-A503-195B434F3E7E}.Debug|Any CPU.ActiveCfg = Debug|Any CPU
		{D9B8EB21-AADF-4C33-A503-195B434F3E7E}.Debug|Any CPU.Build.0 = Debug|Any CPU
		{D9B8EB21-AADF-4C33-A503-195B434F3E7E}.Release|Any CPU.ActiveCfg = Release|Any CPU
		{D9B8EB21-AADF-4C33-A503-195B434F3E7E}.Release|Any CPU.Build.0 = Release|Any CPU
	EndGlobalSection
	GlobalSection(SolutionProperties) = preSolution
		HideSolutionNode = FALSE
	EndGlobalSection
	GlobalSection(ExtensibilityGlobals) = postSolution
		SolutionGuid = {8F0D72A8-F105-49CA-A133-545995414D8A}
	EndGlobalSection
EndGlobal
